
Microsoft Visual Studio Solution File, Format Version 12.00
# Visual Studio Version 16
VisualStudioVersion = 16.0.30804.86
MinimumVisualStudioVersion = 10.0.40219.1
Project("{FAE04EC0-301F-11D3-BF4B-00C04F79EFBC}") = "assignment1DisFinal3", "assignment1DisFinal3.csproj", "{A892004E-5C96-4112-B9FE-9E2E9CFC9B7B}"
EndProject
Global
	GlobalSection(SolutionConfigurationPlatforms) = preSolution
		Debug|Any CPU = Debug|Any CPU
		Release|Any CPU = Release|Any CPU
	EndGlobalSection
	GlobalSection(ProjectConfigurationPlatforms) = postSolution
		{A892004E-5C96-4112-B9FE-9E2E9CFC9B7B}.Debug|Any CPU.ActiveCfg = Debug|Any CPU
		{A892004E-5C96-4112-B9FE-9E2E9CFC9B7B}.Debug|Any CPU.Build.0 = Debug|Any CPU
		{A892004E-5C96-4112-B9FE-9E2E9CFC9B7B}.Release|Any CPU.ActiveCfg = Release|Any CPU
		{A892004E-5C96-4112-B9FE-9E2E9CFC9B7B}.Release|Any CPU.Build.0 = Release|Any CPU
	EndGlobalSection
	GlobalSection(SolutionProperties) = preSolution
		HideSolutionNode = FALSE
	EndGlobalSection
	GlobalSection(ExtensibilityGlobals) = postSolution
		SolutionGuid = {EE8E3B7D-50C8-4EAC-816F-F5DBC941E648}
	EndGlobalSection
EndGlobal
